
Microsoft Visual Studio Solution File, Format Version 12.00
# Visual Studio Version 17
VisualStudioVersion = 17.5.33414.496
MinimumVisualStudioVersion = 10.0.40219.1
Project("{9A19103F-16F7-4668-BE54-9A1E7A4F7556}") = "SaintSounds", "SaintSounds.csproj", "{4AB7959C-9C14-44C2-BB3A-87C73A4B6998}"
EndProject
Global
	GlobalSection(SolutionConfigurationPlatforms) = preSolution
		Debug|Any CPU = Debug|Any CPU
		Release|Any CPU = Release|Any CPU
	EndGlobalSection
	GlobalSection(ProjectConfigurationPlatforms) = postSolution
		{4AB7959C-9C14-44C2-BB3A-87C73A4B6998}.Debug|Any CPU.ActiveCfg = Debug|Any CPU
		{4AB7959C-9C14-44C2-BB3A-87C73A4B6998}.Debug|Any CPU.Build.0 = Debug|Any CPU
		{4AB7959C-9C14-44C2-BB3A-87C73A4B6998}.Release|Any CPU.ActiveCfg = Release|Any CPU
		{4AB7959C-9C14-44C2-BB3A-87C73A4B6998}.Release|Any CPU.Build.0 = Release|Any CPU
	EndGlobalSection
	GlobalSection(SolutionProperties) = preSolution
		HideSolutionNode = FALSE
	EndGlobalSection
	GlobalSection(ExtensibilityGlobals) = postSolution
		SolutionGuid = {778615B6-AB62-408E-84EF-4A448110E257}
	EndGlobalSection
EndGlobal
